{
  "name": "open-core-p1-harness",
  "version": "0.1.0",
  "lockfileVersion": 3,
  "requires": true,
  "packages": {
    "": {
      "name": "open-core-p1-harness",
      "version": "0.1.0",
      "license": "Apache-2.0",
      "dependencies": {
        "@digitalbazaar/bbs-signatures": "3.1.0"
      },
      "engines": {
        "node": ">=20"
      }
    },
    "node_modules/@digitalbazaar/bbs-signatures": {
      "version": "3.1.0",
      "resolved": "https://registry.npmjs.org/@digitalbazaar/bbs-signatures/-/bbs-signatures-3.1.0.tgz",
      "integrity": "sha512-wx86l/PFOaRcoLBPmzwpF9Oo4uYJrm4uq/B1rHX5OHD15NakmUINfRr8NAGDG356GeTBDGZkMsBFgNj1x0dc+g==",
      "license": "BSD-3-Clause",
      "dependencies": {
        "@noble/curves": "^2.2.0",
        "@noble/hashes": "^2.2.0"
      },
      "engines": {
        "node": ">=18"
      }
    },
    "node_modules/@noble/curves": {
      "version": "2.2.0",
      "resolved": "https://registry.npmjs.org/@noble/curves/-/curves-2.2.0.tgz",
      "integrity": "sha512-T/BoHgFXirb0ENSPBquzX0rcjXeM6Lo892a2jlYJkqk83LqZx0l1Of7DzlKJ6jkpvMrkHSnAcgb5JegL8SeIkQ==",
      "license": "MIT",
      "dependencies": {
        "@noble/hashes": "2.2.0"
      },
      "engines": {
        "node": ">= 20.19.0"
      },
      "funding": {
        "url": "https://paulmillr.com/funding/"
      }
    },
    "node_modules/@noble/hashes": {
      "version": "2.2.0",
      "resolved": "https://registry.npmjs.org/@noble/hashes/-/hashes-2.2.0.tgz",
      "integrity": "sha512-IYqDGiTXab6FniAgnSdZwgWbomxpy9FtYvLKs7wCUs2a8RkITG+DFGO1DM9cr+E3/RgADRpFjrKVaJ1z6sjtEg==",
      "license": "MIT",
      "engines": {
        "node": ">= 20.19.0"
      },
      "funding": {
        "url": "https://paulmillr.com/funding/"
      }
    }
  }
}
